
Microsoft Visual Studio Solution File, Format Version 12.00
# Visual Studio Version 16
VisualStudioVersion = 16.0.28803.202
MinimumVisualStudioVersion = 10.0.40219.1
Project("{FAE04EC0-301F-11D3-BF4B-00C04F79EFBC}") = "TeamToDo.Android", "TeamToDo\TeamToDo.Android\TeamToDo.Android.csproj", "{FAAD510C-FC89-4856-BCB3-A39D9A9506E8}"
EndProject
Project("{FAE04EC0-301F-11D3-BF4B-00C04F79EFBC}") = "TeamToDo.iOS", "TeamToDo\TeamToDo.iOS\TeamToDo.iOS.csproj", "{7F9D0D1D-D953-4214-BC62-28492A720582}"
EndProject
Project("{FAE04EC0-301F-11D3-BF4B-00C04F79EFBC}") = "TeamToDo", "TeamToDo\TeamToDo\TeamToDo.csproj", "{45BBC542-9A5D-47F2-BB53-20899257EF1E}"
EndProject
Global
	GlobalSection(SolutionConfigurationPlatforms) = preSolution
		Debug|Any CPU = Debug|Any CPU
		Debug|iPhone = Debug|iPhone
		Debug|iPhoneSimulator = Debug|iPhoneSimulator
		Release|Any CPU = Release|Any CPU
		Release|iPhone = Release|iPhone
		Release|iPhoneSimulator = Release|iPhoneSimulator
	EndGlobalSection
	GlobalSection(ProjectConfigurationPlatforms) = postSolution
		{FAAD510C-FC89-4856-BCB3-A39D9A9506E8}.Debug|Any CPU.ActiveCfg = Debug|Any CPU
		{FAAD510C-FC89-4856-BCB3-A39D9A9506E8}.Debug|Any CPU.Build.0 = Debug|Any CPU
		{FAAD510C-FC89-4856-BCB3-A39D9A9506E8}.Debug|Any CPU.Deploy.0 = Debug|Any CPU
		{FAAD510C-FC89-4856-BCB3-A39D9A9506E8}.Debug|iPhone.ActiveCfg = Debug|Any CPU
		{FAAD510C-FC89-4856-BCB3-A39D9A9506E8}.Debug|iPhone.Build.0 = Debug|Any CPU
		{FAAD510C-FC89-4856-BCB3-A39D9A9506E8}.Debug|iPhone.Deploy.0 = Debug|Any CPU
		{FAAD510C-FC89-4856-BCB3-A39D9A9506E8}.Debug|iPhoneSimulator.ActiveCfg = Debug|Any CPU
		{FAAD510C-FC89-4856-BCB3-A39D9A9506E8}.Debug|iPhoneSimulator.Build.0 = Debug|Any CPU
		{FAAD510C-FC89-4856-BCB3-A39D9A9506E8}.Debug|iPhoneSimulator.Deploy.0 = Debug|Any CPU
		{FAAD510C-FC89-4856-BCB3-A39D9A9506E8}.Release|Any CPU.ActiveCfg = Release|Any CPU
		{FAAD510C-FC89-4856-BCB3-A39D9A9506E8}.Release|Any CPU.Build.0 = Release|Any CPU
		{FAAD510C-FC89-4856-BCB3-A39D9A9506E8}.Release|Any CPU.Deploy.0 = Release|Any CPU
		{FAAD510C-FC89-4856-BCB3-A39D9A9506E8}.Release|iPhone.ActiveCfg = Release|Any CPU
		{FAAD510C-FC89-4856-BCB3-A39D9A9506E8}.Release|iPhone.Build.0 = Release|Any CPU
		{FAAD510C-FC89-4856-BCB3-A39D9A9506E8}.Release|iPhone.Deploy.0 = Release|Any CPU
		{FAAD510C-FC89-4856-BCB3-A39D9A9506E8}.Release|iPhoneSimulator.ActiveCfg = Release|Any CPU
		{FAAD510C-FC89-4856-BCB3-A39D9A9506E8}.Release|iPhoneSimulator.Build.0 = Release|Any CPU
		{FAAD510C-FC89-4856-BCB3-A39D9A9506E8}.Release|iPhoneSimulator.Deploy.0 = Release|Any CPU
		{7F9D0D1D-D953-4214-BC62-28492A720582}.Debug|Any CPU.ActiveCfg = Debug|iPhoneSimulator
		{7F9D0D1D-D953-4214-BC62-28492A720582}.Debug|Any CPU.Build.0 = Debug|iPhoneSimulator
		{7F9D0D1D-D953-4214-BC62-28492A720582}.Debug|Any CPU.Deploy.0 = Debug|iPhoneSimulator
		{7F9D0D1D-D953-4214-BC62-28492A720582}.Debug|iPhone.ActiveCfg = Debug|iPhone
		{7F9D0D1D-D953-4214-BC62-28492A720582}.Debug|iPhone.Build.0 = Debug|iPhone
		{7F9D0D1D-D953-4214-BC62-28492A720582}.Debug|iPhone.Deploy.0 = Debug|iPhone
		{7F9D0D1D-D953-4214-BC62-28492A720582}.Debug|iPhoneSimulator.ActiveCfg = Debug|iPhoneSimulator
		{7F9D0D1D-D953-4214-BC62-28492A720582}.Debug|iPhoneSimulator.Build.0 = Debug|iPhoneSimulator
		{7F9D0D1D-D953-4214-BC62-28492A720582}.Debug|iPhoneSimulator.Deploy.0 = Debug|iPhoneSimulator
		{7F9D0D1D-D953-4214-BC62-28492A720582}.Release|Any CPU.ActiveCfg = Release|iPhone
		{7F9D0D1D-D953-4214-BC62-28492A720582}.Release|Any CPU.Build.0 = Release|iPhone
		{7F9D0D1D-D953-4214-BC62-28492A720582}.Release|Any CPU.Deploy.0 = Release|iPhone
		{7F9D0D1D-D953-4214-BC62-28492A720582}.Release|iPhone.ActiveCfg = Release|iPhone
		{7F9D0D1D-D953-4214-BC62-28492A720582}.Release|iPhone.Build.0 = Release|iPhone
		{7F9D0D1D-D953-4214-BC62-28492A720582}.Release|iPhone.Deploy.0 = Release|iPhone
		{7F9D0D1D-D953-4214-BC62-28492A720582}.Release|iPhoneSimulator.ActiveCfg = Release|iPhoneSimulator
		{7F9D0D1D-D953-4214-BC62-28492A720582}.Release|iPhoneSimulator.Build.0 = Release|iPhoneSimulator
		{7F9D0D1D-D953-4214-BC62-28492A720582}.Release|iPhoneSimulator.Deploy.0 = Release|iPhoneSimulator
		{45BBC542-9A5D-47F2-BB53-20899257EF1E}.Debug|Any CPU.ActiveCfg = Debug|Any CPU
		{45BBC542-9A5D-47F2-BB53-20899257EF1E}.Debug|Any CPU.Build.0 = Debug|Any CPU
		{45BBC542-9A5D-47F2-BB53-20899257EF1E}.Debug|Any CPU.Deploy.0 = Debug|Any CPU
		{45BBC542-9A5D-47F2-BB53-20899257EF1E}.Debug|iPhone.ActiveCfg = Debug|Any CPU
		{45BBC542-9A5D-47F2-BB53-20899257EF1E}.Debug|iPhone.Build.0 = Debug|Any CPU
		{45BBC542-9A5D-47F2-BB53-20899257EF1E}.Debug|iPhone.Deploy.0 = Debug|Any CPU
		{45BBC542-9A5D-47F2-BB53-20899257EF1E}.Debug|iPhoneSimulator.ActiveCfg = Debug|Any CPU
		{45BBC542-9A5D-47F2-BB53-20899257EF1E}.Debug|iPhoneSimulator.Build.0 = Debug|Any CPU
		{45BBC542-9A5D-47F2-BB53-20899257EF1E}.Debug|iPhoneSimulator.Deploy.0 = Debug|Any CPU
		{45BBC542-9A5D-47F2-BB53-20899257EF1E}.Release|Any CPU.ActiveCfg = Release|Any CPU
		{45BBC542-9A5D-47F2-BB53-20899257EF1E}.Release|Any CPU.Build.0 = Release|Any CPU
		{45BBC542-9A5D-47F2-BB53-20899257EF1E}.Release|Any CPU.Deploy.0 = Release|Any CPU
		{45BBC542-9A5D-47F2-BB53-20899257EF1E}.Release|iPhone.ActiveCfg = Release|Any CPU
		{45BBC542-9A5D-47F2-BB53-20899257EF1E}.Release|iPhone.Build.0 = Release|Any CPU
		{45BBC542-9A5D-47F2-BB53-20899257EF1E}.Release|iPhone.Deploy.0 = Release|Any CPU
		{45BBC542-9A5D-47F2-BB53-20899257EF1E}.Release|iPhoneSimulator.ActiveCfg = Release|Any CPU
		{45BBC542-9A5D-47F2-BB53-20899257EF1E}.Release|iPhoneSimulator.Build.0 = Release|Any CPU
		{45BBC542-9A5D-47F2-BB53-20899257EF1E}.Release|iPhoneSimulator.Deploy.0 = Release|Any CPU
	EndGlobalSection
	GlobalSection(SolutionProperties) = preSolution
		HideSolutionNode = FALSE
	EndGlobalSection
	GlobalSection(ExtensibilityGlobals) = postSolution
		SolutionGuid = {5A9A6D26-56C8-489F-A55B-78469A167F35}
	EndGlobalSection
EndGlobal
